<?xml version="1.0" encoding="utf-8"?>
<Project ToolsVersion="4.0" xmlns="http://schemas.microsoft.com/developer/msbuild/2003">
  <ItemGroup>
    <Filter Include="src">
      <UniqueIdentifier>{9a7fc754-b384-4fba-8c3e-8489084353ff}</UniqueIdentifier>
    </Filter>
    <Filter Include="src\Window">
      <UniqueIdentifier>{ca9f2f9b-9db8-4583-852f-a2a0e31231ec}</UniqueIdentifier>
    </Filter>
    <Filter Include="src\Renderer">
      <UniqueIdentifier>{fe578513-6815-470f-a6a4-32e678d50124}</UniqueIdentifier>
    </Filter>
    <Filter Include="src\Shape">
      <UniqueIdentifier>{763129cc-7a34-4c7b-96e1-a4be3be1a05f}</UniqueIdentifier>
    </Filter>
    <Filter Include="src\Entity">
      <UniqueIdentifier>{639b526f-c2e0-41d7-93c6-745adfc51104}</UniqueIdentifier>
    </Filter>
    <Filter Include="res">
      <UniqueIdentifier>{02d7a584-a787-4e98-8b53-32b6e9f9b878}</UniqueIdentifier>
    </Filter>
    <Filter Include="res\shaders">
      <UniqueIdentifier>{49e6cccd-919e-4940-bb8f-b06edff4f953}</UniqueIdentifier>
    </Filter>
  </ItemGroup>
  <ItemGroup>
    <ClCompile Include="..\src\Window\_window.cpp">
      <Filter>src\Window</Filter>
    </ClCompile>
    <ClCompile Include="..\src\BaseGame.cpp">
      <Filter>src</Filter>
    </ClCompile>
    <ClCompile Include="..\src\Renderer\Renderer.cpp">
      <Filter>src\Renderer</Filter>
    </ClCompile>
    <ClCompile Include="..\src\Shape\Shape.cpp">
      <Filter>src\Shape</Filter>
    </ClCompile>
    <ClCompile Include="..\src\Entity\Entity.cpp">
      <Filter>src\Entity</Filter>
    </ClCompile>
  </ItemGroup>
  <ItemGroup>
    <ClInclude Include="..\src\Window\_window.h">
      <Filter>src\Window</Filter>
    </ClInclude>
    <ClInclude Include="..\src\Renderer\Renderer.h">
      <Filter>src\Renderer</Filter>
    </ClInclude>
    <ClInclude Include="..\src\Shape\Shape.h">
      <Filter>src\Shape</Filter>
    </ClInclude>
    <ClInclude Include="..\src\Entity\Entity.h">
      <Filter>src\Entity</Filter>
    </ClInclude>
  </ItemGroup>
  <ItemGroup>
    <None Include="..\res\shaders\Basic.shader">
      <Filter>res\shaders</Filter>
    </None>
  </ItemGroup>
</Project>